
Microsoft Visual Studio Solution File, Format Version 12.00
# Visual Studio 15
VisualStudioVersion = 15.0.28307.168
MinimumVisualStudioVersion = 10.0.40219.1
Project("{9A19103F-16F7-4668-BE54-9A1E7A4F7556}") = "MonitoringIT.Data.Common", "MonitoringIT.Data.Common\MonitoringIT.Data.Common.csproj", "{7EC68600-E4B0-4CD5-802F-35CDDD87C829}"
EndProject
Project("{9A19103F-16F7-4668-BE54-9A1E7A4F7556}") = "Lib.MonitoringIT.Data.ProxyParser", "MonitoringIT.Data.ProxyParser\Lib.MonitoringIT.Data.ProxyParser.csproj", "{779DC66E-AC5B-4D67-B143-BB844F313469}"
EndProject
Project("{9A19103F-16F7-4668-BE54-9A1E7A4F7556}") = "Database.MonitoringIT.DB.EfCore", "MonitoringIT.DAL\Database.MonitoringIT.DB.EfCore.csproj", "{87BC8483-9884-42D0-AB64-8182F8BA9E76}"
EndProject
Project("{FAE04EC0-301F-11D3-BF4B-00C04F79EFBC}") = "Lib.MonitoringIT.Data.Linkedin.Scrapper", "MonitoringIT.Data.LinkedinPageParser\Lib.MonitoringIT.Data.Linkedin.Scrapper.csproj", "{0CD4E8DC-9FA0-4BBE-BD38-A77A88D9BCEA}"
EndProject
Project("{FAE04EC0-301F-11D3-BF4B-00C04F79EFBC}") = "Database.MonitoringIT.DB.Ef6", "MonitoringIT.DAL.WithEF6\Database.MonitoringIT.DB.Ef6.csproj", "{3FC560E3-9FBF-4F99-A4F8-0532785516F4}"
EndProject
Project("{2150E333-8FDC-42A3-9474-1A3956D46DE8}") = "Web.Backend", "Web.Backend", "{E1D083DC-BC88-4864-8D7E-13B43C7557C9}"
EndProject
Project("{2150E333-8FDC-42A3-9474-1A3956D46DE8}") = "Desktop", "Desktop", "{3B032286-F4C9-446F-93AA-761D21721939}"
EndProject
Project("{FAE04EC0-301F-11D3-BF4B-00C04F79EFBC}") = "Desktop.MonitoringIT.Linkedin.Scrapper", "MonitoringIT.Desktop.Linkedin.Scrapper\Desktop.MonitoringIT.Linkedin.Scrapper.csproj", "{763CEE66-5AA4-4AE8-8F91-A6EEEBC25E86}"
EndProject
Project("{FAE04EC0-301F-11D3-BF4B-00C04F79EFBC}") = "Lib.MonitoringIT.DATA.Github.Scrapper", "MonitoringIT.DATA.Github.Scrapper.Lib\Lib.MonitoringIT.DATA.Github.Scrapper.csproj", "{2CCB1AD1-66A0-43ED-969D-26A4C13271C3}"
EndProject
Project("{2150E333-8FDC-42A3-9474-1A3956D46DE8}") = "Libs", "Libs", "{D85F3CFE-A73F-4F47-8305-EEEFEF3F3523}"
EndProject
Project("{2150E333-8FDC-42A3-9474-1A3956D46DE8}") = "DataBase", "DataBase", "{42C94B4A-EB4D-48F8-82F0-EE906DCB05C1}"
EndProject
Project("{FAE04EC0-301F-11D3-BF4B-00C04F79EFBC}") = "Desktop.MonitoringIT.Github.Scrapper", "Desktop.MonitoringIT.Github.Scrapper\Desktop.MonitoringIT.Github.Scrapper.csproj", "{1494EE21-7E61-40E7-BF6B-BEFC03117AE7}"
EndProject
Project("{2150E333-8FDC-42A3-9474-1A3956D46DE8}") = "DAL", "DAL", "{CE695D6E-2278-4E0A-A785-2AEBA827CD77}"
EndProject
Project("{9A19103F-16F7-4668-BE54-9A1E7A4F7556}") = "DAL.MonitoringIT", "DAL.MonitoringIT\DAL.MonitoringIT.csproj", "{C83562DE-FB55-41E2-B576-8E0C82FF94F3}"
EndProject
Project("{9A19103F-16F7-4668-BE54-9A1E7A4F7556}") = "Web.Backend.MonitoringIT", "Web.Backend.MonitoringIT\Web.Backend.MonitoringIT.csproj", "{B5CDC094-ABB6-44DA-A6EC-F1F2E2CB750B}"
EndProject
Project("{2150E333-8FDC-42A3-9474-1A3956D46DE8}") = "Test", "Test", "{1F01D9C8-79F2-4451-B7A6-710C43433B8F}"
EndProject
Project("{9A19103F-16F7-4668-BE54-9A1E7A4F7556}") = "Test.MonitoringIT.Web.Backend", "Test.MonitoringIT.Web.Backend\Test.MonitoringIT.Web.Backend.csproj", "{3AB63276-FE4E-4A0B-A906-706AC6639E76}"
EndProject
Project("{2150E333-8FDC-42A3-9474-1A3956D46DE8}") = "Services", "Services", "{B1D2C5B0-F845-4A85-971E-59D08D4A124B}"
EndProject
Project("{FAE04EC0-301F-11D3-BF4B-00C04F79EFBC}") = "Services.MonitoringIT.Data.Parser.Github", "Services.MonitoringIT.Data.Parser.Github\Services.MonitoringIT.Data.Parser.Github.csproj", "{4F92AB50-85C1-4359-899A-C21B00372641}"
EndProject
Project("{FAE04EC0-301F-11D3-BF4B-00C04F79EFBC}") = "Services.MonitoringIT.Data.Parser.Linkedin", "Services.MonitoringIT.Data.Parser.Linkedin\Services.MonitoringIT.Data.Parser.Linkedin.csproj", "{B593FDBA-5813-4A1F-AF25-2153205FFF72}"
EndProject
Project("{FAE04EC0-301F-11D3-BF4B-00C04F79EFBC}") = "Lib.MonitoringIT.Data.Github.Api", "Lib.MonitoringIT.Data.Github.Api\Lib.MonitoringIT.Data.Github.Api.csproj", "{8FE1E32E-E7AB-42FD-90EC-42C8F0CF698F}"
EndProject
Project("{FAE04EC0-301F-11D3-BF4B-00C04F79EFBC}") = "Services.MonitoringIT.Data.Integration.Github", "Services.MonitoringIT.Data.Integration.Github\Services.MonitoringIT.Data.Integration.Github.csproj", "{5A93652F-1765-4C6E-93BE-3F9D23B20272}"
EndProject
Global
	GlobalSection(SolutionConfigurationPlatforms) = preSolution
		Debug|Any CPU = Debug|Any CPU
		Debug|ARM = Debug|ARM
		Debug|x64 = Debug|x64
		Debug|x86 = Debug|x86
		Release|Any CPU = Release|Any CPU
		Release|ARM = Release|ARM
		Release|x64 = Release|x64
		Release|x86 = Release|x86
	EndGlobalSection
	GlobalSection(ProjectConfigurationPlatforms) = postSolution
		{7EC68600-E4B0-4CD5-802F-35CDDD87C829}.Debug|Any CPU.ActiveCfg = Debug|Any CPU
		{7EC68600-E4B0-4CD5-802F-35CDDD87C829}.Debug|Any CPU.Build.0 = Debug|Any CPU
		{7EC68600-E4B0-4CD5-802F-35CDDD87C829}.Debug|ARM.ActiveCfg = Debug|Any CPU
		{7EC68600-E4B0-4CD5-802F-35CDDD87C829}.Debug|ARM.Build.0 = Debug|Any CPU
		{7EC68600-E4B0-4CD5-802F-35CDDD87C829}.Debug|x64.ActiveCfg = Debug|Any CPU
		{7EC68600-E4B0-4CD5-802F-35CDDD87C829}.Debug|x64.Build.0 = Debug|Any CPU
		{7EC68600-E4B0-4CD5-802F-35CDDD87C829}.Debug|x86.ActiveCfg = Debug|Any CPU
		{7EC68600-E4B0-4CD5-802F-35CDDD87C829}.Debug|x86.Build.0 = Debug|Any CPU
		{7EC68600-E4B0-4CD5-802F-35CDDD87C829}.Release|Any CPU.ActiveCfg = Release|Any CPU
		{7EC68600-E4B0-4CD5-802F-35CDDD87C829}.Release|Any CPU.Build.0 = Release|Any CPU
		{7EC68600-E4B0-4CD5-802F-35CDDD87C829}.Release|ARM.ActiveCfg = Release|Any CPU
		{7EC68600-E4B0-4CD5-802F-35CDDD87C829}.Release|ARM.Build.0 = Release|Any CPU
		{7EC68600-E4B0-4CD5-802F-35CDDD87C829}.Release|x64.ActiveCfg = Release|Any CPU
		{7EC68600-E4B0-4CD5-802F-35CDDD87C829}.Release|x64.Build.0 = Release|Any CPU
		{7EC68600-E4B0-4CD5-802F-35CDDD87C829}.Release|x86.ActiveCfg = Release|Any CPU
		{7EC68600-E4B0-4CD5-802F-35CDDD87C829}.Release|x86.Build.0 = Release|Any CPU
		{779DC66E-AC5B-4D67-B143-BB844F313469}.Debug|Any CPU.ActiveCfg = Debug|Any CPU
		{779DC66E-AC5B-4D67-B143-BB844F313469}.Debug|Any CPU.Build.0 = Debug|Any CPU
		{779DC66E-AC5B-4D67-B143-BB844F313469}.Debug|ARM.ActiveCfg = Debug|Any CPU
		{779DC66E-AC5B-4D67-B143-BB844F313469}.Debug|ARM.Build.0 = Debug|Any CPU
		{779DC66E-AC5B-4D67-B143-BB844F313469}.Debug|x64.ActiveCfg = Debug|Any CPU
		{779DC66E-AC5B-4D67-B143-BB844F313469}.Debug|x64.Build.0 = Debug|Any CPU
		{779DC66E-AC5B-4D67-B143-BB844F313469}.Debug|x86.ActiveCfg = Debug|Any CPU
		{779DC66E-AC5B-4D67-B143-BB844F313469}.Debug|x86.Build.0 = Debug|Any CPU
		{779DC66E-AC5B-4D67-B143-BB844F313469}.Release|Any CPU.ActiveCfg = Release|Any CPU
		{779DC66E-AC5B-4D67-B143-BB844F313469}.Release|Any CPU.Build.0 = Release|Any CPU
		{779DC66E-AC5B-4D67-B143-BB844F313469}.Release|ARM.ActiveCfg = Release|Any CPU
		{779DC66E-AC5B-4D67-B143-BB844F313469}.Release|ARM.Build.0 = Release|Any CPU
		{779DC66E-AC5B-4D67-B143-BB844F313469}.Release|x64.ActiveCfg = Release|Any CPU
		{779DC66E-AC5B-4D67-B143-BB844F313469}.Release|x64.Build.0 = Release|Any CPU
		{779DC66E-AC5B-4D67-B143-BB844F313469}.Release|x86.ActiveCfg = Release|Any CPU
		{779DC66E-AC5B-4D67-B143-BB844F313469}.Release|x86.Build.0 = Release|Any CPU
		{87BC8483-9884-42D0-AB64-8182F8BA9E76}.Debug|Any CPU.ActiveCfg = Debug|Any CPU
		{87BC8483-9884-42D0-AB64-8182F8BA9E76}.Debug|Any CPU.Build.0 = Debug|Any CPU
		{87BC8483-9884-42D0-AB64-8182F8BA9E76}.Debug|ARM.ActiveCfg = Debug|Any CPU
		{87BC8483-9884-42D0-AB64-8182F8BA9E76}.Debug|ARM.Build.0 = Debug|Any CPU
		{87BC8483-9884-42D0-AB64-8182F8BA9E76}.Debug|x64.ActiveCfg = Debug|Any CPU
		{87BC8483-9884-42D0-AB64-8182F8BA9E76}.Debug|x64.Build.0 = Debug|Any CPU
		{87BC8483-9884-42D0-AB64-8182F8BA9E76}.Debug|x86.ActiveCfg = Debug|Any CPU
		{87BC8483-9884-42D0-AB64-8182F8BA9E76}.Debug|x86.Build.0 = Debug|Any CPU
		{87BC8483-9884-42D0-AB64-8182F8BA9E76}.Release|Any CPU.ActiveCfg = Release|Any CPU
		{87BC8483-9884-42D0-AB64-8182F8BA9E76}.Release|Any CPU.Build.0 = Release|Any CPU
		{87BC8483-9884-42D0-AB64-8182F8BA9E76}.Release|ARM.ActiveCfg = Release|Any CPU
		{87BC8483-9884-42D0-AB64-8182F8BA9E76}.Release|ARM.Build.0 = Release|Any CPU
		{87BC8483-9884-42D0-AB64-8182F8BA9E76}.Release|x64.ActiveCfg = Release|Any CPU
		{87BC8483-9884-42D0-AB64-8182F8BA9E76}.Release|x64.Build.0 = Release|Any CPU
		{87BC8483-9884-42D0-AB64-8182F8BA9E76}.Release|x86.ActiveCfg = Release|Any CPU
		{87BC8483-9884-42D0-AB64-8182F8BA9E76}.Release|x86.Build.0 = Release|Any CPU
		{0CD4E8DC-9FA0-4BBE-BD38-A77A88D9BCEA}.Debug|Any CPU.ActiveCfg = Debug|Any CPU
		{0CD4E8DC-9FA0-4BBE-BD38-A77A88D9BCEA}.Debug|Any CPU.Build.0 = Debug|Any CPU
		{0CD4E8DC-9FA0-4BBE-BD38-A77A88D9BCEA}.Debug|ARM.ActiveCfg = Debug|Any CPU
		{0CD4E8DC-9FA0-4BBE-BD38-A77A88D9BCEA}.Debug|ARM.Build.0 = Debug|Any CPU
		{0CD4E8DC-9FA0-4BBE-BD38-A77A88D9BCEA}.Debug|x64.ActiveCfg = Debug|Any CPU
		{0CD4E8DC-9FA0-4BBE-BD38-A77A88D9BCEA}.Debug|x64.Build.0 = Debug|Any CPU
		{0CD4E8DC-9FA0-4BBE-BD38-A77A88D9BCEA}.Debug|x86.ActiveCfg = Debug|Any CPU
		{0CD4E8DC-9FA0-4BBE-BD38-A77A88D9BCEA}.Debug|x86.Build.0 = Debug|Any CPU
		{0CD4E8DC-9FA0-4BBE-BD38-A77A88D9BCEA}.Release|Any CPU.ActiveCfg = Release|Any CPU
		{0CD4E8DC-9FA0-4BBE-BD38-A77A88D9BCEA}.Release|Any CPU.Build.0 = Release|Any CPU
		{0CD4E8DC-9FA0-4BBE-BD38-A77A88D9BCEA}.Release|ARM.ActiveCfg = Release|Any CPU
		{0CD4E8DC-9FA0-4BBE-BD38-A77A88D9BCEA}.Release|ARM.Build.0 = Release|Any CPU
		{0CD4E8DC-9FA0-4BBE-BD38-A77A88D9BCEA}.Release|x64.ActiveCfg = Release|Any CPU
		{0CD4E8DC-9FA0-4BBE-BD38-A77A88D9BCEA}.Release|x64.Build.0 = Release|Any CPU
		{0CD4E8DC-9FA0-4BBE-BD38-A77A88D9BCEA}.Release|x86.ActiveCfg = Release|Any CPU
		{0CD4E8DC-9FA0-4BBE-BD38-A77A88D9BCEA}.Release|x86.Build.0 = Release|Any CPU
		{3FC560E3-9FBF-4F99-A4F8-0532785516F4}.Debug|Any CPU.ActiveCfg = Debug|Any CPU
		{3FC560E3-9FBF-4F99-A4F8-0532785516F4}.Debug|Any CPU.Build.0 = Debug|Any CPU
		{3FC560E3-9FBF-4F99-A4F8-0532785516F4}.Debug|ARM.ActiveCfg = Debug|Any CPU
		{3FC560E3-9FBF-4F99-A4F8-0532785516F4}.Debug|ARM.Build.0 = Debug|Any CPU
		{3FC560E3-9FBF-4F99-A4F8-0532785516F4}.Debug|x64.ActiveCfg = Debug|Any CPU
		{3FC560E3-9FBF-4F99-A4F8-0532785516F4}.Debug|x64.Build.0 = Debug|Any CPU
		{3FC560E3-9FBF-4F99-A4F8-0532785516F4}.Debug|x86.ActiveCfg = Debug|Any CPU
		{3FC560E3-9FBF-4F99-A4F8-0532785516F4}.Debug|x86.Build.0 = Debug|Any CPU
		{3FC560E3-9FBF-4F99-A4F8-0532785516F4}.Release|Any CPU.ActiveCfg = Release|Any CPU
		{3FC560E3-9FBF-4F99-A4F8-0532785516F4}.Release|Any CPU.Build.0 = Release|Any CPU
		{3FC560E3-9FBF-4F99-A4F8-0532785516F4}.Release|ARM.ActiveCfg = Release|Any CPU
		{3FC560E3-9FBF-4F99-A4F8-0532785516F4}.Release|ARM.Build.0 = Release|Any CPU
		{3FC560E3-9FBF-4F99-A4F8-0532785516F4}.Release|x64.ActiveCfg = Release|Any CPU
		{3FC560E3-9FBF-4F99-A4F8-0532785516F4}.Release|x64.Build.0 = Release|Any CPU
		{3FC560E3-9FBF-4F99-A4F8-0532785516F4}.Release|x86.ActiveCfg = Release|Any CPU
		{3FC560E3-9FBF-4F99-A4F8-0532785516F4}.Release|x86.Build.0 = Release|Any CPU
		{763CEE66-5AA4-4AE8-8F91-A6EEEBC25E86}.Debug|Any CPU.ActiveCfg = Debug|Any CPU
		{763CEE66-5AA4-4AE8-8F91-A6EEEBC25E86}.Debug|Any CPU.Build.0 = Debug|Any CPU
		{763CEE66-5AA4-4AE8-8F91-A6EEEBC25E86}.Debug|ARM.ActiveCfg = Debug|Any CPU
		{763CEE66-5AA4-4AE8-8F91-A6EEEBC25E86}.Debug|ARM.Build.0 = Debug|Any CPU
		{763CEE66-5AA4-4AE8-8F91-A6EEEBC25E86}.Debug|x64.ActiveCfg = Debug|Any CPU
		{763CEE66-5AA4-4AE8-8F91-A6EEEBC25E86}.Debug|x64.Build.0 = Debug|Any CPU
		{763CEE66-5AA4-4AE8-8F91-A6EEEBC25E86}.Debug|x86.ActiveCfg = Debug|Any CPU
		{763CEE66-5AA4-4AE8-8F91-A6EEEBC25E86}.Debug|x86.Build.0 = Debug|Any CPU
		{763CEE66-5AA4-4AE8-8F91-A6EEEBC25E86}.Release|Any CPU.ActiveCfg = Release|Any CPU
		{763CEE66-5AA4-4AE8-8F91-A6EEEBC25E86}.Release|Any CPU.Build.0 = Release|Any CPU
		{763CEE66-5AA4-4AE8-8F91-A6EEEBC25E86}.Release|ARM.ActiveCfg = Release|Any CPU
		{763CEE66-5AA4-4AE8-8F91-A6EEEBC25E86}.Release|ARM.Build.0 = Release|Any CPU
		{763CEE66-5AA4-4AE8-8F91-A6EEEBC25E86}.Release|x64.ActiveCfg = Release|Any CPU
		{763CEE66-5AA4-4AE8-8F91-A6EEEBC25E86}.Release|x64.Build.0 = Release|Any CPU
		{763CEE66-5AA4-4AE8-8F91-A6EEEBC25E86}.Release|x86.ActiveCfg = Release|Any CPU
		{763CEE66-5AA4-4AE8-8F91-A6EEEBC25E86}.Release|x86.Build.0 = Release|Any CPU
		{2CCB1AD1-66A0-43ED-969D-26A4C13271C3}.Debug|Any CPU.ActiveCfg = Debug|Any CPU
		{2CCB1AD1-66A0-43ED-969D-26A4C13271C3}.Debug|Any CPU.Build.0 = Debug|Any CPU
		{2CCB1AD1-66A0-43ED-969D-26A4C13271C3}.Debug|ARM.ActiveCfg = Debug|Any CPU
		{2CCB1AD1-66A0-43ED-969D-26A4C13271C3}.Debug|ARM.Build.0 = Debug|Any CPU
		{2CCB1AD1-66A0-43ED-969D-26A4C13271C3}.Debug|x64.ActiveCfg = Debug|Any CPU
		{2CCB1AD1-66A0-43ED-969D-26A4C13271C3}.Debug|x64.Build.0 = Debug|Any CPU
		{2CCB1AD1-66A0-43ED-969D-26A4C13271C3}.Debug|x86.ActiveCfg = Debug|Any CPU
		{2CCB1AD1-66A0-43ED-969D-26A4C13271C3}.Debug|x86.Build.0 = Debug|Any CPU
		{2CCB1AD1-66A0-43ED-969D-26A4C13271C3}.Release|Any CPU.ActiveCfg = Release|Any CPU
		{2CCB1AD1-66A0-43ED-969D-26A4C13271C3}.Release|Any CPU.Build.0 = Release|Any CPU
		{2CCB1AD1-66A0-43ED-969D-26A4C13271C3}.Release|ARM.ActiveCfg = Release|Any CPU
		{2CCB1AD1-66A0-43ED-969D-26A4C13271C3}.Release|ARM.Build.0 = Release|Any CPU
		{2CCB1AD1-66A0-43ED-969D-26A4C13271C3}.Release|x64.ActiveCfg = Release|Any CPU
		{2CCB1AD1-66A0-43ED-969D-26A4C13271C3}.Release|x64.Build.0 = Release|Any CPU
		{2CCB1AD1-66A0-43ED-969D-26A4C13271C3}.Release|x86.ActiveCfg = Release|Any CPU
		{2CCB1AD1-66A0-43ED-969D-26A4C13271C3}.Release|x86.Build.0 = Release|Any CPU
		{1494EE21-7E61-40E7-BF6B-BEFC03117AE7}.Debug|Any CPU.ActiveCfg = Debug|Any CPU
		{1494EE21-7E61-40E7-BF6B-BEFC03117AE7}.Debug|Any CPU.Build.0 = Debug|Any CPU
		{1494EE21-7E61-40E7-BF6B-BEFC03117AE7}.Debug|ARM.ActiveCfg = Debug|Any CPU
		{1494EE21-7E61-40E7-BF6B-BEFC03117AE7}.Debug|ARM.Build.0 = Debug|Any CPU
		{1494EE21-7E61-40E7-BF6B-BEFC03117AE7}.Debug|x64.ActiveCfg = Debug|Any CPU
		{1494EE21-7E61-40E7-BF6B-BEFC03117AE7}.Debug|x64.Build.0 = Debug|Any CPU
		{1494EE21-7E61-40E7-BF6B-BEFC03117AE7}.Debug|x86.ActiveCfg = Debug|Any CPU
		{1494EE21-7E61-40E7-BF6B-BEFC03117AE7}.Debug|x86.Build.0 = Debug|Any CPU
		{1494EE21-7E61-40E7-BF6B-BEFC03117AE7}.Release|Any CPU.ActiveCfg = Release|Any CPU
		{1494EE21-7E61-40E7-BF6B-BEFC03117AE7}.Release|Any CPU.Build.0 = Release|Any CPU
		{1494EE21-7E61-40E7-BF6B-BEFC03117AE7}.Release|ARM.ActiveCfg = Release|Any CPU
		{1494EE21-7E61-40E7-BF6B-BEFC03117AE7}.Release|ARM.Build.0 = Release|Any CPU
		{1494EE21-7E61-40E7-BF6B-BEFC03117AE7}.Release|x64.ActiveCfg = Release|Any CPU
		{1494EE21-7E61-40E7-BF6B-BEFC03117AE7}.Release|x64.Build.0 = Release|Any CPU
		{1494EE21-7E61-40E7-BF6B-BEFC03117AE7}.Release|x86.ActiveCfg = Release|Any CPU
		{1494EE21-7E61-40E7-BF6B-BEFC03117AE7}.Release|x86.Build.0 = Release|Any CPU
		{C83562DE-FB55-41E2-B576-8E0C82FF94F3}.Debug|Any CPU.ActiveCfg = Debug|Any CPU
		{C83562DE-FB55-41E2-B576-8E0C82FF94F3}.Debug|Any CPU.Build.0 = Debug|Any CPU
		{C83562DE-FB55-41E2-B576-8E0C82FF94F3}.Debug|ARM.ActiveCfg = Debug|Any CPU
		{C83562DE-FB55-41E2-B576-8E0C82FF94F3}.Debug|ARM.Build.0 = Debug|Any CPU
		{C83562DE-FB55-41E2-B576-8E0C82FF94F3}.Debug|x64.ActiveCfg = Debug|Any CPU
		{C83562DE-FB55-41E2-B576-8E0C82FF94F3}.Debug|x64.Build.0 = Debug|Any CPU
		{C83562DE-FB55-41E2-B576-8E0C82FF94F3}.Debug|x86.ActiveCfg = Debug|Any CPU
		{C83562DE-FB55-41E2-B576-8E0C82FF94F3}.Debug|x86.Build.0 = Debug|Any CPU
		{C83562DE-FB55-41E2-B576-8E0C82FF94F3}.Release|Any CPU.ActiveCfg = Release|Any CPU
		{C83562DE-FB55-41E2-B576-8E0C82FF94F3}.Release|Any CPU.Build.0 = Release|Any CPU
		{C83562DE-FB55-41E2-B576-8E0C82FF94F3}.Release|ARM.ActiveCfg = Release|Any CPU
		{C83562DE-FB55-41E2-B576-8E0C82FF94F3}.Release|ARM.Build.0 = Release|Any CPU
		{C83562DE-FB55-41E2-B576-8E0C82FF94F3}.Release|x64.ActiveCfg = Release|Any CPU
		{C83562DE-FB55-41E2-B576-8E0C82FF94F3}.Release|x64.Build.0 = Release|Any CPU
		{C83562DE-FB55-41E2-B576-8E0C82FF94F3}.Release|x86.ActiveCfg = Release|Any CPU
		{C83562DE-FB55-41E2-B576-8E0C82FF94F3}.Release|x86.Build.0 = Release|Any CPU
		{B5CDC094-ABB6-44DA-A6EC-F1F2E2CB750B}.Debug|Any CPU.ActiveCfg = Debug|Any CPU
		{B5CDC094-ABB6-44DA-A6EC-F1F2E2CB750B}.Debug|Any CPU.Build.0 = Debug|Any CPU
		{B5CDC094-ABB6-44DA-A6EC-F1F2E2CB750B}.Debug|ARM.ActiveCfg = Debug|Any CPU
		{B5CDC094-ABB6-44DA-A6EC-F1F2E2CB750B}.Debug|ARM.Build.0 = Debug|Any CPU
		{B5CDC094-ABB6-44DA-A6EC-F1F2E2CB750B}.Debug|x64.ActiveCfg = Debug|Any CPU
		{B5CDC094-ABB6-44DA-A6EC-F1F2E2CB750B}.Debug|x64.Build.0 = Debug|Any CPU
		{B5CDC094-ABB6-44DA-A6EC-F1F2E2CB750B}.Debug|x86.ActiveCfg = Debug|Any CPU
		{B5CDC094-ABB6-44DA-A6EC-F1F2E2CB750B}.Debug|x86.Build.0 = Debug|Any CPU
		{B5CDC094-ABB6-44DA-A6EC-F1F2E2CB750B}.Release|Any CPU.ActiveCfg = Release|Any CPU
		{B5CDC094-ABB6-44DA-A6EC-F1F2E2CB750B}.Release|Any CPU.Build.0 = Release|Any CPU
		{B5CDC094-ABB6-44DA-A6EC-F1F2E2CB750B}.Release|ARM.ActiveCfg = Release|Any CPU
		{B5CDC094-ABB6-44DA-A6EC-F1F2E2CB750B}.Release|ARM.Build.0 = Release|Any CPU
		{B5CDC094-ABB6-44DA-A6EC-F1F2E2CB750B}.Release|x64.ActiveCfg = Release|Any CPU
		{B5CDC094-ABB6-44DA-A6EC-F1F2E2CB750B}.Release|x64.Build.0 = Release|Any CPU
		{B5CDC094-ABB6-44DA-A6EC-F1F2E2CB750B}.Release|x86.ActiveCfg = Release|Any CPU
		{B5CDC094-ABB6-44DA-A6EC-F1F2E2CB750B}.Release|x86.Build.0 = Release|Any CPU
		{3AB63276-FE4E-4A0B-A906-706AC6639E76}.Debug|Any CPU.ActiveCfg = Debug|Any CPU
		{3AB63276-FE4E-4A0B-A906-706AC6639E76}.Debug|Any CPU.Build.0 = Debug|Any CPU
		{3AB63276-FE4E-4A0B-A906-706AC6639E76}.Debug|ARM.ActiveCfg = Debug|Any CPU
		{3AB63276-FE4E-4A0B-A906-706AC6639E76}.Debug|ARM.Build.0 = Debug|Any CPU
		{3AB63276-FE4E-4A0B-A906-706AC6639E76}.Debug|x64.ActiveCfg = Debug|Any CPU
		{3AB63276-FE4E-4A0B-A906-706AC6639E76}.Debug|x64.Build.0 = Debug|Any CPU
		{3AB63276-FE4E-4A0B-A906-706AC6639E76}.Debug|x86.ActiveCfg = Debug|Any CPU
		{3AB63276-FE4E-4A0B-A906-706AC6639E76}.Debug|x86.Build.0 = Debug|Any CPU
		{3AB63276-FE4E-4A0B-A906-706AC6639E76}.Release|Any CPU.ActiveCfg = Release|Any CPU
		{3AB63276-FE4E-4A0B-A906-706AC6639E76}.Release|Any CPU.Build.0 = Release|Any CPU
		{3AB63276-FE4E-4A0B-A906-706AC6639E76}.Release|ARM.ActiveCfg = Release|Any CPU
		{3AB63276-FE4E-4A0B-A906-706AC6639E76}.Release|ARM.Build.0 = Release|Any CPU
		{3AB63276-FE4E-4A0B-A906-706AC6639E76}.Release|x64.ActiveCfg = Release|Any CPU
		{3AB63276-FE4E-4A0B-A906-706AC6639E76}.Release|x64.Build.0 = Release|Any CPU
		{3AB63276-FE4E-4A0B-A906-706AC6639E76}.Release|x86.ActiveCfg = Release|Any CPU
		{3AB63276-FE4E-4A0B-A906-706AC6639E76}.Release|x86.Build.0 = Release|Any CPU
		{4F92AB50-85C1-4359-899A-C21B00372641}.Debug|Any CPU.ActiveCfg = Debug|Any CPU
		{4F92AB50-85C1-4359-899A-C21B00372641}.Debug|Any CPU.Build.0 = Debug|Any CPU
		{4F92AB50-85C1-4359-899A-C21B00372641}.Debug|ARM.ActiveCfg = Debug|Any CPU
		{4F92AB50-85C1-4359-899A-C21B00372641}.Debug|ARM.Build.0 = Debug|Any CPU
		{4F92AB50-85C1-4359-899A-C21B00372641}.Debug|x64.ActiveCfg = Debug|Any CPU
		{4F92AB50-85C1-4359-899A-C21B00372641}.Debug|x64.Build.0 = Debug|Any CPU
		{4F92AB50-85C1-4359-899A-C21B00372641}.Debug|x86.ActiveCfg = Debug|Any CPU
		{4F92AB50-85C1-4359-899A-C21B00372641}.Debug|x86.Build.0 = Debug|Any CPU
		{4F92AB50-85C1-4359-899A-C21B00372641}.Release|Any CPU.ActiveCfg = Release|Any CPU
		{4F92AB50-85C1-4359-899A-C21B00372641}.Release|Any CPU.Build.0 = Release|Any CPU
		{4F92AB50-85C1-4359-899A-C21B00372641}.Release|ARM.ActiveCfg = Release|Any CPU
		{4F92AB50-85C1-4359-899A-C21B00372641}.Release|ARM.Build.0 = Release|Any CPU
		{4F92AB50-85C1-4359-899A-C21B00372641}.Release|x64.ActiveCfg = Release|Any CPU
		{4F92AB50-85C1-4359-899A-C21B00372641}.Release|x64.Build.0 = Release|Any CPU
		{4F92AB50-85C1-4359-899A-C21B00372641}.Release|x86.ActiveCfg = Release|Any CPU
		{4F92AB50-85C1-4359-899A-C21B00372641}.Release|x86.Build.0 = Release|Any CPU
		{B593FDBA-5813-4A1F-AF25-2153205FFF72}.Debug|Any CPU.ActiveCfg = Debug|Any CPU
		{B593FDBA-5813-4A1F-AF25-2153205FFF72}.Debug|Any CPU.Build.0 = Debug|Any CPU
		{B593FDBA-5813-4A1F-AF25-2153205FFF72}.Debug|ARM.ActiveCfg = Debug|Any CPU
		{B593FDBA-5813-4A1F-AF25-2153205FFF72}.Debug|ARM.Build.0 = Debug|Any CPU
		{B593FDBA-5813-4A1F-AF25-2153205FFF72}.Debug|x64.ActiveCfg = Debug|Any CPU
		{B593FDBA-5813-4A1F-AF25-2153205FFF72}.Debug|x64.Build.0 = Debug|Any CPU
		{B593FDBA-5813-4A1F-AF25-2153205FFF72}.Debug|x86.ActiveCfg = Debug|Any CPU
		{B593FDBA-5813-4A1F-AF25-2153205FFF72}.Debug|x86.Build.0 = Debug|Any CPU
		{B593FDBA-5813-4A1F-AF25-2153205FFF72}.Release|Any CPU.ActiveCfg = Release|Any CPU
		{B593FDBA-5813-4A1F-AF25-2153205FFF72}.Release|Any CPU.Build.0 = Release|Any CPU
		{B593FDBA-5813-4A1F-AF25-2153205FFF72}.Release|ARM.ActiveCfg = Release|Any CPU
		{B593FDBA-5813-4A1F-AF25-2153205FFF72}.Release|ARM.Build.0 = Release|Any CPU
		{B593FDBA-5813-4A1F-AF25-2153205FFF72}.Release|x64.ActiveCfg = Release|Any CPU
		{B593FDBA-5813-4A1F-AF25-2153205FFF72}.Release|x64.Build.0 = Release|Any CPU
		{B593FDBA-5813-4A1F-AF25-2153205FFF72}.Release|x86.ActiveCfg = Release|Any CPU
		{B593FDBA-5813-4A1F-AF25-2153205FFF72}.Release|x86.Build.0 = Release|Any CPU
		{8FE1E32E-E7AB-42FD-90EC-42C8F0CF698F}.Debug|Any CPU.ActiveCfg = Debug|Any CPU
		{8FE1E32E-E7AB-42FD-90EC-42C8F0CF698F}.Debug|Any CPU.Build.0 = Debug|Any CPU
		{8FE1E32E-E7AB-42FD-90EC-42C8F0CF698F}.Debug|ARM.ActiveCfg = Debug|Any CPU
		{8FE1E32E-E7AB-42FD-90EC-42C8F0CF698F}.Debug|ARM.Build.0 = Debug|Any CPU
		{8FE1E32E-E7AB-42FD-90EC-42C8F0CF698F}.Debug|x64.ActiveCfg = Debug|Any CPU
		{8FE1E32E-E7AB-42FD-90EC-42C8F0CF698F}.Debug|x64.Build.0 = Debug|Any CPU
		{8FE1E32E-E7AB-42FD-90EC-42C8F0CF698F}.Debug|x86.ActiveCfg = Debug|Any CPU
		{8FE1E32E-E7AB-42FD-90EC-42C8F0CF698F}.Debug|x86.Build.0 = Debug|Any CPU
		{8FE1E32E-E7AB-42FD-90EC-42C8F0CF698F}.Release|Any CPU.ActiveCfg = Release|Any CPU
		{8FE1E32E-E7AB-42FD-90EC-42C8F0CF698F}.Release|Any CPU.Build.0 = Release|Any CPU
		{8FE1E32E-E7AB-42FD-90EC-42C8F0CF698F}.Release|ARM.ActiveCfg = Release|Any CPU
		{8FE1E32E-E7AB-42FD-90EC-42C8F0CF698F}.Release|ARM.Build.0 = Release|Any CPU
		{8FE1E32E-E7AB-42FD-90EC-42C8F0CF698F}.Release|x64.ActiveCfg = Release|Any CPU
		{8FE1E32E-E7AB-42FD-90EC-42C8F0CF698F}.Release|x64.Build.0 = Release|Any CPU
		{8FE1E32E-E7AB-42FD-90EC-42C8F0CF698F}.Release|x86.ActiveCfg = Release|Any CPU
		{8FE1E32E-E7AB-42FD-90EC-42C8F0CF698F}.Release|x86.Build.0 = Release|Any CPU
		{5A93652F-1765-4C6E-93BE-3F9D23B20272}.Debug|Any CPU.ActiveCfg = Debug|Any CPU
		{5A93652F-1765-4C6E-93BE-3F9D23B20272}.Debug|Any CPU.Build.0 = Debug|Any CPU
		{5A93652F-1765-4C6E-93BE-3F9D23B20272}.Debug|ARM.ActiveCfg = Debug|Any CPU
		{5A93652F-1765-4C6E-93BE-3F9D23B20272}.Debug|ARM.Build.0 = Debug|Any CPU
		{5A93652F-1765-4C6E-93BE-3F9D23B20272}.Debug|x64.ActiveCfg = Debug|Any CPU
		{5A93652F-1765-4C6E-93BE-3F9D23B20272}.Debug|x64.Build.0 = Debug|Any CPU
		{5A93652F-1765-4C6E-93BE-3F9D23B20272}.Debug|x86.ActiveCfg = Debug|Any CPU
		{5A93652F-1765-4C6E-93BE-3F9D23B20272}.Debug|x86.Build.0 = Debug|Any CPU
		{5A93652F-1765-4C6E-93BE-3F9D23B20272}.Release|Any CPU.ActiveCfg = Release|Any CPU
		{5A93652F-1765-4C6E-93BE-3F9D23B20272}.Release|Any CPU.Build.0 = Release|Any CPU
		{5A93652F-1765-4C6E-93BE-3F9D23B20272}.Release|ARM.ActiveCfg = Release|Any CPU
		{5A93652F-1765-4C6E-93BE-3F9D23B20272}.Release|ARM.Build.0 = Release|Any CPU
		{5A93652F-1765-4C6E-93BE-3F9D23B20272}.Release|x64.ActiveCfg = Release|Any CPU
		{5A93652F-1765-4C6E-93BE-3F9D23B20272}.Release|x64.Build.0 = Release|Any CPU
		{5A93652F-1765-4C6E-93BE-3F9D23B20272}.Release|x86.ActiveCfg = Release|Any CPU
		{5A93652F-1765-4C6E-93BE-3F9D23B20272}.Release|x86.Build.0 = Release|Any CPU
	EndGlobalSection
	GlobalSection(SolutionProperties) = preSolution
		HideSolutionNode = FALSE
	EndGlobalSection
	GlobalSection(NestedProjects) = preSolution
		{779DC66E-AC5B-4D67-B143-BB844F313469} = {D85F3CFE-A73F-4F47-8305-EEEFEF3F3523}
		{87BC8483-9884-42D0-AB64-8182F8BA9E76} = {42C94B4A-EB4D-48F8-82F0-EE906DCB05C1}
		{0CD4E8DC-9FA0-4BBE-BD38-A77A88D9BCEA} = {D85F3CFE-A73F-4F47-8305-EEEFEF3F3523}
		{3FC560E3-9FBF-4F99-A4F8-0532785516F4} = {42C94B4A-EB4D-48F8-82F0-EE906DCB05C1}
		{763CEE66-5AA4-4AE8-8F91-A6EEEBC25E86} = {3B032286-F4C9-446F-93AA-761D21721939}
		{2CCB1AD1-66A0-43ED-969D-26A4C13271C3} = {D85F3CFE-A73F-4F47-8305-EEEFEF3F3523}
		{1494EE21-7E61-40E7-BF6B-BEFC03117AE7} = {3B032286-F4C9-446F-93AA-761D21721939}
		{C83562DE-FB55-41E2-B576-8E0C82FF94F3} = {CE695D6E-2278-4E0A-A785-2AEBA827CD77}
		{B5CDC094-ABB6-44DA-A6EC-F1F2E2CB750B} = {E1D083DC-BC88-4864-8D7E-13B43C7557C9}
		{3AB63276-FE4E-4A0B-A906-706AC6639E76} = {1F01D9C8-79F2-4451-B7A6-710C43433B8F}
		{4F92AB50-85C1-4359-899A-C21B00372641} = {B1D2C5B0-F845-4A85-971E-59D08D4A124B}
		{B593FDBA-5813-4A1F-AF25-2153205FFF72} = {B1D2C5B0-F845-4A85-971E-59D08D4A124B}
		{8FE1E32E-E7AB-42FD-90EC-42C8F0CF698F} = {D85F3CFE-A73F-4F47-8305-EEEFEF3F3523}
		{5A93652F-1765-4C6E-93BE-3F9D23B20272} = {B1D2C5B0-F845-4A85-971E-59D08D4A124B}
	EndGlobalSection
	GlobalSection(ExtensibilityGlobals) = postSolution
		SolutionGuid = {27C7089F-1860-4C58-86E7-F079CE27FDDA}
	EndGlobalSection
EndGlobal
